
Microsoft Visual Studio Solution File, Format Version 12.00
# Visual Studio Version 17
VisualStudioVersion = 17.7.34031.279
MinimumVisualStudioVersion = 10.0.40219.1
Project("{FAE04EC0-301F-11D3-BF4B-00C04F79EFBC}") = "WinDateCalc.maui", "WinDateCalc.maui\WinDateCalc.maui.csproj", "{5294C1A3-F931-4936-88B9-6109A336BDDE}"
EndProject
Global
	GlobalSection(SolutionConfigurationPlatforms) = preSolution
		Debug|Any CPU = Debug|Any CPU
		Release|Any CPU = Release|Any CPU
	EndGlobalSection
	GlobalSection(ProjectConfigurationPlatforms) = postSolution
		{5294C1A3-F931-4936-88B9-6109A336BDDE}.Debug|Any CPU.ActiveCfg = Debug|Any CPU
		{5294C1A3-F931-4936-88B9-6109A336BDDE}.Debug|Any CPU.Build.0 = Debug|Any CPU
		{5294C1A3-F931-4936-88B9-6109A336BDDE}.Debug|Any CPU.Deploy.0 = Debug|Any CPU
		{5294C1A3-F931-4936-88B9-6109A336BDDE}.Release|Any CPU.ActiveCfg = Release|Any CPU
		{5294C1A3-F931-4936-88B9-6109A336BDDE}.Release|Any CPU.Build.0 = Release|Any CPU
		{5294C1A3-F931-4936-88B9-6109A336BDDE}.Release|Any CPU.Deploy.0 = Release|Any CPU
	EndGlobalSection
	GlobalSection(SolutionProperties) = preSolution
		HideSolutionNode = FALSE
	EndGlobalSection
	GlobalSection(ExtensibilityGlobals) = postSolution
		SolutionGuid = {DF5F5EA8-1DDA-4941-9CC0-9A7B47CAEF00}
	EndGlobalSection
EndGlobal
